
Microsoft Visual Studio Solution File, Format Version 12.00
# Visual Studio Version 16
VisualStudioVersion = 16.0.30611.23
MinimumVisualStudioVersion = 10.0.40219.1
Project("{FAE04EC0-301F-11D3-BF4B-00C04F79EFBC}") = "WPFVİDEO", "VideoEdit\WPFVİDEO.csproj", "{A5154423-A31B-4944-9832-536741E7EFB8}"
EndProject
Global
	GlobalSection(SolutionConfigurationPlatforms) = preSolution
		Debug|Any CPU = Debug|Any CPU
		Release|Any CPU = Release|Any CPU
	EndGlobalSection
	GlobalSection(ProjectConfigurationPlatforms) = postSolution
		{A5154423-A31B-4944-9832-536741E7EFB8}.Debug|Any CPU.ActiveCfg = Debug|Any CPU
		{A5154423-A31B-4944-9832-536741E7EFB8}.Debug|Any CPU.Build.0 = Debug|Any CPU
		{A5154423-A31B-4944-9832-536741E7EFB8}.Release|Any CPU.ActiveCfg = Release|Any CPU
		{A5154423-A31B-4944-9832-536741E7EFB8}.Release|Any CPU.Build.0 = Release|Any CPU
	EndGlobalSection
	GlobalSection(SolutionProperties) = preSolution
		HideSolutionNode = FALSE
	EndGlobalSection
	GlobalSection(ExtensibilityGlobals) = postSolution
		SolutionGuid = {F7AEF96D-2A1F-4728-8AD5-831910F4726D}
	EndGlobalSection
EndGlobal
